
Microsoft Visual Studio Solution File, Format Version 12.00
# Visual Studio Version 16
VisualStudioVersion = 16.0.30523.141
MinimumVisualStudioVersion = 10.0.40219.1
Project("{8BC9CEB8-8B4A-11D0-8D11-00A0C91BC942}") = "Пьянков Дз на 13.10", "Пьянков Дз на 13.10.vcxproj", "{611BD343-38F8-40B1-BF1F-DC3985545242}"
EndProject
Global
	GlobalSection(SolutionConfigurationPlatforms) = preSolution
		Debug|x64 = Debug|x64
		Debug|x86 = Debug|x86
		Release|x64 = Release|x64
		Release|x86 = Release|x86
	EndGlobalSection
	GlobalSection(ProjectConfigurationPlatforms) = postSolution
		{611BD343-38F8-40B1-BF1F-DC3985545242}.Debug|x64.ActiveCfg = Debug|x64
		{611BD343-38F8-40B1-BF1F-DC3985545242}.Debug|x64.Build.0 = Debug|x64
		{611BD343-38F8-40B1-BF1F-DC3985545242}.Debug|x86.ActiveCfg = Debug|Win32
		{611BD343-38F8-40B1-BF1F-DC3985545242}.Debug|x86.Build.0 = Debug|Win32
		{611BD343-38F8-40B1-BF1F-DC3985545242}.Release|x64.ActiveCfg = Release|x64
		{611BD343-38F8-40B1-BF1F-DC3985545242}.Release|x64.Build.0 = Release|x64
		{611BD343-38F8-40B1-BF1F-DC3985545242}.Release|x86.ActiveCfg = Release|Win32
		{611BD343-38F8-40B1-BF1F-DC3985545242}.Release|x86.Build.0 = Release|Win32
	EndGlobalSection
	GlobalSection(SolutionProperties) = preSolution
		HideSolutionNode = FALSE
	EndGlobalSection
	GlobalSection(ExtensibilityGlobals) = postSolution
		SolutionGuid = {D02BA17B-2CAA-49A0-B61E-D73559E58FDD}
	EndGlobalSection
EndGlobal
